
Microsoft Visual Studio Solution File, Format Version 12.00
# Visual Studio 2015
Project("{FAE04EC0-301F-11D3-BF4B-00C04F79EFBC}") = "TruckCity.Plugins", "TruckCity.Plugins.csproj", "{39E35388-4D29-52E8-892A-6D5FB601F179}"
EndProject
Project("{FAE04EC0-301F-11D3-BF4B-00C04F79EFBC}") = "TruckCity", "TruckCity.csproj", "{7A0731C9-509E-6CBC-2086-CD2884E6BD18}"
EndProject
Project("{FAE04EC0-301F-11D3-BF4B-00C04F79EFBC}") = "TruckCity.Editor", "TruckCity.Editor.csproj", "{A50217D7-06BE-75FA-48AC-83EAE0EA9265}"
EndProject
Global
	GlobalSection(SolutionConfigurationPlatforms) = preSolution
		Debug|Any CPU = Debug|Any CPU
		Release|Any CPU = Release|Any CPU
	EndGlobalSection
	GlobalSection(ProjectConfigurationPlatforms) = postSolution
		{39E35388-4D29-52E8-892A-6D5FB601F179}.Debug|Any CPU.ActiveCfg = Debug|Any CPU
		{39E35388-4D29-52E8-892A-6D5FB601F179}.Debug|Any CPU.Build.0 = Debug|Any CPU
		{39E35388-4D29-52E8-892A-6D5FB601F179}.Release|Any CPU.ActiveCfg = Release|Any CPU
		{39E35388-4D29-52E8-892A-6D5FB601F179}.Release|Any CPU.Build.0 = Release|Any CPU
		{7A0731C9-509E-6CBC-2086-CD2884E6BD18}.Debug|Any CPU.ActiveCfg = Debug|Any CPU
		{7A0731C9-509E-6CBC-2086-CD2884E6BD18}.Debug|Any CPU.Build.0 = Debug|Any CPU
		{7A0731C9-509E-6CBC-2086-CD2884E6BD18}.Release|Any CPU.ActiveCfg = Release|Any CPU
		{7A0731C9-509E-6CBC-2086-CD2884E6BD18}.Release|Any CPU.Build.0 = Release|Any CPU
		{A50217D7-06BE-75FA-48AC-83EAE0EA9265}.Debug|Any CPU.ActiveCfg = Debug|Any CPU
		{A50217D7-06BE-75FA-48AC-83EAE0EA9265}.Debug|Any CPU.Build.0 = Debug|Any CPU
		{A50217D7-06BE-75FA-48AC-83EAE0EA9265}.Release|Any CPU.ActiveCfg = Release|Any CPU
		{A50217D7-06BE-75FA-48AC-83EAE0EA9265}.Release|Any CPU.Build.0 = Release|Any CPU
	EndGlobalSection
	GlobalSection(SolutionProperties) = preSolution
		HideSolutionNode = FALSE
	EndGlobalSection
EndGlobal
